// !$*UTF8*$!
{
	archiveVersion = 1;
	classes = {
	};
	objectVersion = 46;
	objects = {

/* Begin PBXBuildFile section */
		8E95CDCE1FB92883009B1BF5 /* main.cpp in Sources */ = {isa = PBXBuildFile; fileRef = 8E95CDCD1FB92883009B1BF5 /* main.cpp */; };
		8E95CDD61FB92D53009B1BF5 /* libmysqlclient.20.dylib in Frameworks */ = {isa = PBXBuildFile; fileRef = 8E95CDD51FB92D53009B1BF5 /* libmysqlclient.20.dylib */; };
		8E95CDDA1FB931D5009B1BF5 /* mysqlmanager.cpp in Sources */ = {isa = PBXBuildFile; fileRef = 8E95CDD91FB931D5009B1BF5 /* mysqlmanager.cpp */; };
/* End PBXBuildFile section */

/* Begin PBXCopyFilesBuildPhase section */
		8E95CDC81FB92883009B1BF5 /* CopyFiles */ = {
			isa = PBXCopyFilesBuildPhase;
			buildActionMask = 2147483647;
			dstPath = /usr/share/man/man1/;
			dstSubfolderSpec = 0;
			files = (
			);
			runOnlyForDeploymentPostprocessing = 1;
		};
/* End PBXCopyFilesBuildPhase section */

/* Begin PBXFileReference section */
		8E95CDCA1FB92883009B1BF5 /* program_experiment */ = {isa = PBXFileReference; explicitFileType = "compiled.mach-o.executable"; includeInIndex = 0; path = program_experiment; sourceTree = BUILT_PRODUCTS_DIR; };
		8E95CDCD1FB92883009B1BF5 /* main.cpp */ = {isa = PBXFileReference; lastKnownFileType = sourcecode.cpp.cpp; path = main.cpp; sourceTree = "<group>"; };
		8E95CDD51FB92D53009B1BF5 /* libmysqlclient.20.dylib */ = {isa = PBXFileReference; lastKnownFileType = "compiled.mach-o.dylib"; path = libmysqlclient.20.dylib; sourceTree = "<group>"; };
		8E95CDD81FB93196009B1BF5 /* mysqlmanager.h */ = {isa = PBXFileReference; lastKnownFileType = sourcecode.c.h; path = mysqlmanager.h; sourceTree = "<group>"; };
		8E95CDD91FB931D5009B1BF5 /* mysqlmanager.cpp */ = {isa = PBXFileReference; fileEncoding = 4; lastKnownFileType = sourcecode.cpp.cpp; path = mysqlmanager.cpp; sourceTree = "<group>"; };
/* End PBXFileReference section */

/* Begin PBXFrameworksBuildPhase section */
		8E95CDC71FB92883009B1BF5 /* Frameworks */ = {
			isa = PBXFrameworksBuildPhase;
			buildActionMask = 2147483647;
			files = (
				8E95CDD61FB92D53009B1BF5 /* libmysqlclient.20.dylib in Frameworks */,
			);
			runOnlyForDeploymentPostprocessing = 0;
		};
/* End PBXFrameworksBuildPhase section */

/* Begin PBXGroup section */
		8E95CDC11FB92883009B1BF5 = {
			isa = PBXGroup;
			children = (
				8E95CDCC1FB92883009B1BF5 /* program_experiment */,
				8E95CDCB1FB92883009B1BF5 /* Products */,
				8E95CDD41FB92D53009B1BF5 /* Frameworks */,
			);
			sourceTree = "<group>";
		};
		8E95CDCB1FB92883009B1BF5 /* Products */ = {
			isa = PBXGroup;
			children = (
				8E95CDCA1FB92883009B1BF5 /* program_experiment */,
			);
			name = Products;
			sourceTree = "<group>";
		};
		8E95CDCC1FB92883009B1BF5 /* program_experiment */ = {
			isa = PBXGroup;
			children = (
				8E95CDCD1FB92883009B1BF5 /* main.cpp */,
				8E95CDD81FB93196009B1BF5 /* mysqlmanager.h */,
				8E95CDD91FB931D5009B1BF5 /* mysqlmanager.cpp */,
			);
			path = program_experiment;
			sourceTree = "<group>";
		};
		8E95CDD41FB92D53009B1BF5 /* Frameworks */ = {
			isa = PBXGroup;
			children = (
				8E95CDD51FB92D53009B1BF5 /* libmysqlclient.20.dylib */,
			);
			name = Frameworks;
			sourceTree = "<group>";
		};
/* End PBXGroup section */

/* Begin PBXNativeTarget section */
		8E95CDC91FB92883009B1BF5 /* program_experiment */ = {
			isa = PBXNativeTarget;
			buildConfigurationList = 8E95CDD11FB92883009B1BF5 /* Build configuration list for PBXNativeTarget "program_experiment" */;
			buildPhases = (
				8E95CDC61FB92883009B1BF5 /* Sources */,
				8E95CDC71FB92883009B1BF5 /* Frameworks */,
				8E95CDC81FB92883009B1BF5 /* CopyFiles */,
			);
			buildRules = (
			);
			dependencies = (
			);
			name = program_experiment;
			productName = program_experiment;
			productReference = 8E95CDCA1FB92883009B1BF5 /* program_experiment */;
			productType = "com.apple.product-type.tool";
		};
/* End PBXNativeTarget section */

/* Begin PBXProject section */
		8E95CDC21FB92883009B1BF5 /* Project object */ = {
			isa = PBXProject;
			attributes = {
				LastUpgradeCheck = 0830;
				ORGANIZATIONNAME = "李成禹";
				TargetAttributes = {
					8E95CDC91FB92883009B1BF5 = {
						CreatedOnToolsVersion = 8.3.2;
						ProvisioningStyle = Automatic;
					};
				};
			};
			buildConfigurationList = 8E95CDC51FB92883009B1BF5 /* Build configuration list for PBXProject "program_experiment" */;
			compatibilityVersion = "Xcode 3.2";
			developmentRegion = English;
			hasScannedForEncodings = 0;
			knownRegions = (
				en,
			);
			mainGroup = 8E95CDC11FB92883009B1BF5;
			productRefGroup = 8E95CDCB1FB92883009B1BF5 /* Products */;
			projectDirPath = "";
			projectRoot = "";
			targets = (
				8E95CDC91FB92883009B1BF5 /* program_experiment */,
			);
		};
/* End PBXProject section */

/* Begin PBXSourcesBuildPhase section */
		8E95CDC61FB92883009B1BF5 /* Sources */ = {
			isa = PBXSourcesBuildPhase;
			buildActionMask = 2147483647;
			files = (
				8E95CDDA1FB931D5009B1BF5 /* mysqlmanager.cpp in Sources */,
				8E95CDCE1FB92883009B1BF5 /* main.cpp in Sources */,
			);
			runOnlyForDeploymentPostprocessing = 0;
		};
/* End PBXSourcesBuildPhase section */

/* Begin XCBuildConfiguration section */
		8E95CDCF1FB92883009B1BF5 /* Debug */ = {
			isa = XCBuildConfiguration;
			buildSettings = {
				ALWAYS_SEARCH_USER_PATHS = NO;
				CLANG_ANALYZER_NONNULL = YES;
				CLANG_ANALYZER_NUMBER_OBJECT_CONVERSION = YES_AGGRESSIVE;
				CLANG_CXX_LANGUAGE_STANDARD = "gnu++0x";
				CLANG_CXX_LIBRARY = "libc++";
				CLANG_ENABLE_MODULES = YES;
				CLANG_ENABLE_OBJC_ARC = YES;
				CLANG_WARN_BOOL_CONVERSION = YES;
				CLANG_WARN_CONSTANT_CONVERSION = YES;
				CLANG_WARN_DIRECT_OBJC_ISA_USAGE = YES_ERROR;
				CLANG_WARN_DOCUMENTATION_COMMENTS = YES;
				CLANG_WARN_EMPTY_BODY = YES;
				CLANG_WARN_ENUM_CONVERSION = YES;
				CLANG_WARN_INFINITE_RECURSION = YES;
				CLANG_WARN_INT_CONVERSION = YES;
				CLANG_WARN_OBJC_ROOT_CLASS = YES_ERROR;
				CLANG_WARN_SUSPICIOUS_MOVE = YES;
				CLANG_WARN_UNREACHABLE_CODE = YES;
				CLANG_WARN__DUPLICATE_METHOD_MATCH = YES;
				CODE_SIGN_IDENTITY = "-";
				COPY_PHASE_STRIP = NO;
				DEBUG_INFORMATION_FORMAT = dwarf;
				ENABLE_STRICT_OBJC_MSGSEND = YES;
				ENABLE_TESTABILITY = YES;
				GCC_C_LANGUAGE_STANDARD = gnu99;
				GCC_DYNAMIC_NO_PIC = NO;
				GCC_NO_COMMON_BLOCKS = YES;
				GCC_OPTIMIZATION_LEVEL = 0;
				GCC_PREPROCESSOR_DEFINITIONS = (
					"DEBUG=1",
					"$(inherited)",
				);
				GCC_WARN_64_TO_32_BIT_CONVERSION = YES;
				GCC_WARN_ABOUT_RETURN_TYPE = YES_ERROR;
				GCC_WARN_UNDECLARED_SELECTOR = YES;
				GCC_WARN_UNINITIALIZED_AUTOS = YES_AGGRESSIVE;
				GCC_WARN_UNUSED_FUNCTION = YES;
				GCC_WARN_UNUSED_VARIABLE = YES;
				"HEADER_SEARCH_PATHS[arch=*]" = (
					/usr/local/mysql/include,
					/usr/local/include,
				);
				"LIBRARY_SEARCH_PATHS[arch=*]" = (
					/usr/local/mysql/lib,
					/usr/local/lib,
				);
				MACOSX_DEPLOYMENT_TARGET = 10.12;
				MTL_ENABLE_DEBUG_INFO = YES;
				ONLY_ACTIVE_ARCH = YES;
				"OTHER_LDFLAGS[arch=*]" = (
					"-lmysqlcppconn",
					"-lm",
					"-lmysqlclient",
					"-lz\n\n-lmysqlcppconn",
					"-lm",
					"-lmysqlclient",
					"-lz\n\n-lmysqlcppconn",
					"-lm",
					"-lmysqlclient",
					"-lz\n\n-lmysqlcppconn",
					"-lm",
					"-lmysqlclient",
					"-lz

",
				);
				SDKROOT = macosx;
			};
			name = Debug;
		};
		8E95CDD01FB92883009B1BF5 /* Release */ = {
			isa = XCBuildConfiguration;
			buildSettings = {
				ALWAYS_SEARCH_USER_PATHS = NO;
				CLANG_ANALYZER_NONNULL = YES;
				CLANG_ANALYZER_NUMBER_OBJECT_CONVERSION = YES_AGGRESSIVE;
				CLANG_CXX_LANGUAGE_STANDARD = "gnu++0x";
				CLANG_CXX_LIBRARY = "libc++";
				CLANG_ENABLE_MODULES = YES;
				CLANG_ENABLE_OBJC_ARC = YES;
				CLANG_WARN_BOOL_CONVERSION = YES;
				CLANG_WARN_CONSTANT_CONVERSION = YES;
				CLANG_WARN_DIRECT_OBJC_ISA_USAGE = YES_ERROR;
				CLANG_WARN_DOCUMENTATION_COMMENTS = YES;
				CLANG_WARN_EMPTY_BODY = YES;
				CLANG_WARN_ENUM_CONVERSION = YES;
				CLANG_WARN_INFINITE_RECURSION = YES;
				CLANG_WARN_INT_CONVERSION = YES;
				CLANG_WARN_OBJC_ROOT_CLASS = YES_ERROR;
				CLANG_WARN_SUSPICIOUS_MOVE = YES;
				CLANG_WARN_UNREACHABLE_CODE = YES;
				CLANG_WARN__DUPLICATE_METHOD_MATCH = YES;
				CODE_SIGN_IDENTITY = "-";
				COPY_PHASE_STRIP = NO;
				DEBUG_INFORMATION_FORMAT = "dwarf-with-dsym";
				ENABLE_NS_ASSERTIONS = NO;
				ENABLE_STRICT_OBJC_MSGSEND = YES;
				GCC_C_LANGUAGE_STANDARD = gnu99;
				GCC_NO_COMMON_BLOCKS = YES;
				GCC_WARN_64_TO_32_BIT_CONVERSION = YES;
				GCC_WARN_ABOUT_RETURN_TYPE = YES_ERROR;
				GCC_WARN_UNDECLARED_SELECTOR = YES;
				GCC_WARN_UNINITIALIZED_AUTOS = YES_AGGRESSIVE;
				GCC_WARN_UNUSED_FUNCTION = YES;
				GCC_WARN_UNUSED_VARIABLE = YES;
				HEADER_SEARCH_PATHS = (
					/usr/local/mysql/include,
					/usr/local/include,
				);
				LIBRARY_SEARCH_PATHS = (
					/usr/local/mysql/lib,
					/usr/local/lib,
				);
				MACOSX_DEPLOYMENT_TARGET = 10.12;
				MTL_ENABLE_DEBUG_INFO = NO;
				OTHER_LDFLAGS = (
					"-lmysqlcppconn",
					"-lm",
					"-lmysqlclient",
					"-lz",
				);
				SDKROOT = macosx;
			};
			name = Release;
		};
		8E95CDD21FB92883009B1BF5 /* Debug */ = {
			isa = XCBuildConfiguration;
			buildSettings = {
				LIBRARY_SEARCH_PATHS = (
					"$(inherited)",
					"$(PROJECT_DIR)",
				);
				"OTHER_LDFLAGS[arch=*]" = "";
				PRODUCT_NAME = "$(TARGET_NAME)";
			};
			name = Debug;
		};
		8E95CDD31FB92883009B1BF5 /* Release */ = {
			isa = XCBuildConfiguration;
			buildSettings = {
				LIBRARY_SEARCH_PATHS = (
					"$(inherited)",
					"$(PROJECT_DIR)",
				);
				OTHER_LDFLAGS = "";
				PRODUCT_NAME = "$(TARGET_NAME)";
			};
			name = Release;
		};
/* End XCBuildConfiguration section */

/* Begin XCConfigurationList section */
		8E95CDC51FB92883009B1BF5 /* Build configuration list for PBXProject "program_experiment" */ = {
			isa = XCConfigurationList;
			buildConfigurations = (
				8E95CDCF1FB92883009B1BF5 /* Debug */,
				8E95CDD01FB92883009B1BF5 /* Release */,
			);
			defaultConfigurationIsVisible = 0;
			defaultConfigurationName = Release;
		};
		8E95CDD11FB92883009B1BF5 /* Build configuration list for PBXNativeTarget "program_experiment" */ = {
			isa = XCConfigurationList;
			buildConfigurations = (
				8E95CDD21FB92883009B1BF5 /* Debug */,
				8E95CDD31FB92883009B1BF5 /* Release */,
			);
			defaultConfigurationIsVisible = 0;
		};
/* End XCConfigurationList section */
	};
	rootObject = 8E95CDC21FB92883009B1BF5 /* Project object */;
}
